Microsoft Visual Studio Solution File, Format Version 12.00
# Visual Studio 15
VisualStudioVersion = 15.0.28307.168
MinimumVisualStudioVersion = 10.0.40219.1
Project("{FAE04EC0-301F-11D3-BF4B-00C04F79EFBC}") = "Class2", "Class2\Class2.csproj", "{31680F5D-65AF-4CB3-A2A2-CE2A4F5C1555}"
EndProject
Global
	GlobalSection(SolutionConfigurationPlatforms) = preSolution
		Debug|anycpu = Debug|anycpu
		Release|anycpu = Release|anycpu
	EndGlobalSection
	GlobalSection(ProjectConfigurationPlatforms) = postSolution
		{31680F5D-65AF-4CB3-A2A2-CE2A4F5C1555}.Debug|anycpu.ActiveCfg = Debug|Any CPU
		{31680F5D-65AF-4CB3-A2A2-CE2A4F5C1555}.Debug|anycpu.Build.0 = Debug|Any CPU
		{31680F5D-65AF-4CB3-A2A2-CE2A4F5C1555}.Release|anycpu.ActiveCfg = Release|Any CPU
		{31680F5D-65AF-4CB3-A2A2-CE2A4F5C1555}.Release|anycpu.Build.0 = Release|Any CPU
	EndGlobalSection
	GlobalSection(SolutionProperties) = preSolution
		HideSolutionNode = FALSE
	EndGlobalSection
	GlobalSection(ExtensibilityGlobals) = postSolution
		SolutionGuid = {7001BC8C-4606-4455-9B4C-BF7DDA0E4BAD}
	EndGlobalSection
EndGlobal
